{
  "name": "Calvinnolan.github.io",
  "version": "1.0.0",
  "lockfileVersion": 1,
  "dependencies": {
    "body-parser": {
      "version": "1.12.0",
      "resolved": "https://registry.npmjs.org/body-parser/-/body-parser-1.12.0.tgz",
      "integrity": "sha1-l1D8PMEICzShPRjHmEDNVZl5/OU=",
      "dependencies": {
        "bytes": {
          "version": "1.0.0",
          "resolved": "https://registry.npmjs.org/bytes/-/bytes-1.0.0.tgz",
          "integrity": "sha1-NWnt6Lo0MV+rmcPpLLBMciDeH6g="
        },
        "content-type": {
          "version": "1.0.1",
          "resolved": "https://registry.npmjs.org/content-type/-/content-type-1.0.1.tgz",
          "integrity": "sha1-oZ0iRzJ9wDgFDOYit6FU7FnF5gA="
        },
        "debug": {
          "version": "2.1.1",
          "resolved": "https://registry.npmjs.org/debug/-/debug-2.1.1.tgz",
          "integrity": "sha1-4MVIzGB63CK1N1QNw2OcQjb9+Qw=",
          "dependencies": {
            "ms": {
              "version": "0.6.2",
              "resolved": "https://registry.npmjs.org/ms/-/ms-0.6.2.tgz",
              "integrity": "sha1-2JwhJMb9wTU9Zai3e/GqxLGTcIw="
            }
          }
        },
        "depd": {
          "version": "1.0.0",
          "resolved": "https://registry.npmjs.org/depd/-/depd-1.0.0.tgz",
          "integrity": "sha1-L9oNAOmKrihF1Jkasb8fKhmQc9U="
        },
        "iconv-lite": {
          "version": "0.4.7",
          "resolved": "https://registry.npmjs.org/iconv-lite/-/iconv-lite-0.4.7.tgz",
          "integrity": "sha1-idMv7IIb+Fl/RGCbS8Cb7VwgmiM="
        },
        "on-finished": {
          "version": "2.2.0",
          "resolved": "https://registry.npmjs.org/on-finished/-/on-finished-2.2.0.tgz",
          "integrity": "sha1-5rpqCaNILWt5abw9qSyG8KlnYF4=",
          "dependencies": {
            "ee-first": {
              "version": "1.1.0",
              "resolved": "https://registry.npmjs.org/ee-first/-/ee-first-1.1.0.tgz",
              "integrity": "sha1-ag18YiHkkP7v2S7D9EHJzozQl/Q="
            }
          }
        },
        "qs": {
          "version": "2.3.3",
          "resolved": "https://registry.npmjs.org/qs/-/qs-2.3.3.tgz",
          "integrity": "sha1-6eha2+ddoLvkyOBHaghikPhjtAQ="
        },
        "raw-body": {
          "version": "1.3.3",
          "resolved": "https://registry.npmjs.org/raw-body/-/raw-body-1.3.3.tgz",
          "integrity": "sha1-iEGvP2StUKNR3HfyKRGLQMKPpYw="
        },
        "type-is": {
          "version": "1.6.0",
          "resolved": "https://registry.npmjs.org/type-is/-/type-is-1.6.0.tgz",
          "integrity": "sha1-78uSI/r61aA74U2PbJ4XhfLA58M=",
          "dependencies": {
            "media-typer": {
              "version": "0.3.0",
              "resolved": "https://registry.npmjs.org/media-typer/-/media-typer-0.3.0.tgz",
              "integrity": "sha1-hxDXrwqmJvj/+hzgAWhUUmMlV0g="
            },
            "mime-types": {
              "version": "2.0.9",
              "resolved": "https://registry.npmjs.org/mime-types/-/mime-types-2.0.9.tgz",
              "integrity": "sha1-6ESa/yexJF3cZkG1JEOa6AxLeKY=",
              "dependencies": {
                "mime-db": {
                  "version": "1.7.0",
                  "resolved": "https://registry.npmjs.org/mime-db/-/mime-db-1.7.0.tgz",
                  "integrity": "sha1-Ns9mpsUupxgnveKH93wlT17xuNM="
                }
              }
            }
          }
        }
      }
    },
    "ejs": {
      "version": "2.2.4",
      "resolved": "https://registry.npmjs.org/ejs/-/ejs-2.2.4.tgz",
      "integrity": "sha1-8K9+NmwTFJ3XrjAQbAwOHK0RkDw="
    },
    "express": {
      "version": "4.11.2",
      "resolved": "https://registry.npmjs.org/express/-/express-4.11.2.tgz",
      "integrity": "sha1-jfPVqayEhYXwCgd3YBgj+uzTsUg=",
      "dependencies": {
        "accepts": {
          "version": "1.2.4",
          "resolved": "https://registry.npmjs.org/accepts/-/accepts-1.2.4.tgz",
          "integrity": "sha1-9ObGb0+vacdr16Y6H/xb0trPsqw=",
          "dependencies": {
            "mime-types": {
              "version": "2.0.9",
              "resolved": "https://registry.npmjs.org/mime-types/-/mime-types-2.0.9.tgz",
              "integrity": "sha1-6ESa/yexJF3cZkG1JEOa6AxLeKY=",
              "dependencies": {
                "mime-db": {
                  "version": "1.7.0",
                  "resolved": "https://registry.npmjs.org/mime-db/-/mime-db-1.7.0.tgz",
                  "integrity": "sha1-Ns9mpsUupxgnveKH93wlT17xuNM="
                }
              }
            },
            "negotiator": {
              "version": "0.5.1",
              "resolved": "https://registry.npmjs.org/negotiator/-/negotiator-0.5.1.tgz",
              "integrity": "sha1-SY9mHFIkcBU8YIasgwGcs+tm9hw="
            }
          }
        },
        "content-disposition": {
          "version": "0.5.0",
          "resolved": "https://registry.npmjs.org/content-disposition/-/content-disposition-0.5.0.tgz",
          "integrity": "sha1-QoT+auBjCHRjnkToCkGMKTQTXp4="
        },
        "cookie": {
          "version": "0.1.2",
          "resolved": "https://registry.npmjs.org/cookie/-/cookie-0.1.2.tgz",
          "integrity": "sha1-cv7D0k5Io0Mgc9kMEmQgBQYQBLE="
        },
        "cookie-signature": {
          "version": "1.0.5",
          "resolved": "https://registry.npmjs.org/cookie-signature/-/cookie-signature-1.0.5.tgz",
          "integrity": "sha1-oSLj8VA+yg9TVXlbBxG7I2jUUPk="
        },
        "debug": {
          "version": "2.1.1",
          "resolved": "https://registry.npmjs.org/debug/-/debug-2.1.1.tgz",
          "integrity": "sha1-4MVIzGB63CK1N1QNw2OcQjb9+Qw=",
          "dependencies": {
            "ms": {
              "version": "0.6.2",
              "resolved": "https://registry.npmjs.org/ms/-/ms-0.6.2.tgz",
              "integrity": "sha1-2JwhJMb9wTU9Zai3e/GqxLGTcIw="
            }
          }
        },
        "depd": {
          "version": "1.0.0",
          "resolved": "https://registry.npmjs.org/depd/-/depd-1.0.0.tgz",
          "integrity": "sha1-L9oNAOmKrihF1Jkasb8fKhmQc9U="
        },
        "escape-html": {
          "version": "1.0.1",
          "resolved": "https://registry.npmjs.org/escape-html/-/escape-html-1.0.1.tgz",
          "integrity": "sha1-GBoobq05ejmpKFfPsdQwUuNWv/A="
        },
        "etag": {
          "version": "1.5.1",
          "resolved": "https://registry.npmjs.org/etag/-/etag-1.5.1.tgz",
          "integrity": "sha1-VMUN4E7kJpVWKSWsVmWIKRvn6eo=",
          "dependencies": {
            "crc": {
              "version": "3.2.1",
              "resolved": "https://registry.npmjs.org/crc/-/crc-3.2.1.tgz",
              "integrity": "sha1-XZyPt3okXNXsopHl0tAFM0urAII="
            }
          }
        },
        "finalhandler": {
          "version": "0.3.3",
          "resolved": "https://registry.npmjs.org/finalhandler/-/finalhandler-0.3.3.tgz",
          "integrity": "sha1-saCaoeamB7NUFmmwm8tyf0YM1CY="
        },
        "fresh": {
          "version": "0.2.4",
          "resolved": "https://registry.npmjs.org/fresh/-/fresh-0.2.4.tgz",
          "integrity": "sha1-NYJJkgbJcjcUGQ7ddLRgT+tKYUw="
        },
        "media-typer": {
          "version": "0.3.0",
          "resolved": "https://registry.npmjs.org/media-typer/-/media-typer-0.3.0.tgz",
          "integrity": "sha1-hxDXrwqmJvj/+hzgAWhUUmMlV0g="
        },
        "merge-descriptors": {
          "version": "0.0.2",
          "resolved": "https://registry.npmjs.org/merge-descriptors/-/merge-descriptors-0.0.2.tgz",
          "integrity": "sha1-w2pSp4FDdRPFcnXzndnTF1FKyMc="
        },
        "methods": {
          "version": "1.1.1",
          "resolved": "https://registry.npmjs.org/methods/-/methods-1.1.1.tgz",
          "integrity": "sha1-F+pjZgZtAMWON1uOx9/QRTyJgio="
        },
        "on-finished": {
          "version": "2.2.0",
          "resolved": "https://registry.npmjs.org/on-finished/-/on-finished-2.2.0.tgz",
          "integrity": "sha1-5rpqCaNILWt5abw9qSyG8KlnYF4=",
          "dependencies": {
            "ee-first": {
              "version": "1.1.0",
              "resolved": "https://registry.npmjs.org/ee-first/-/ee-first-1.1.0.tgz",
              "integrity": "sha1-ag18YiHkkP7v2S7D9EHJzozQl/Q="
            }
          }
        },
        "parseurl": {
          "version": "1.3.0",
          "resolved": "https://registry.npmjs.org/parseurl/-/parseurl-1.3.0.tgz",
          "integrity": "sha1-tYBG20Ij4UWvp2AJ5hush8wigbM="
        },
        "path-to-regexp": {
          "version": "0.1.3",
          "resolved": "https://registry.npmjs.org/path-to-regexp/-/path-to-regexp-0.1.3.tgz",
          "integrity": "sha1-IbmrgidCed4lsVbqCP0SylG4rss="
        },
        "proxy-addr": {
          "version": "1.0.6",
          "resolved": "https://registry.npmjs.org/proxy-addr/-/proxy-addr-1.0.6.tgz",
          "integrity": "sha1-/OOkxIa/LhiK0eduGDmaedAsDnI=",
          "dependencies": {
            "forwarded": {
              "version": "0.1.0",
              "resolved": "https://registry.npmjs.org/forwarded/-/forwarded-0.1.0.tgz",
              "integrity": "sha1-Ge+YdMSuHCl7zweP3mOgm2aoQ2M="
            },
            "ipaddr.js": {
              "version": "0.1.8",
              "resolved": "https://registry.npmjs.org/ipaddr.js/-/ipaddr.js-0.1.8.tgz",
              "integrity": "sha1-J0Qu2ne2JsRHJLSqihhn6EEFee4="
            }
          }
        },
        "qs": {
          "version": "2.3.3",
          "resolved": "https://registry.npmjs.org/qs/-/qs-2.3.3.tgz",
          "integrity": "sha1-6eha2+ddoLvkyOBHaghikPhjtAQ="
        },
        "range-parser": {
          "version": "1.0.2",
          "resolved": "https://registry.npmjs.org/range-parser/-/range-parser-1.0.2.tgz",
          "integrity": "sha1-BqEqQuUTG6jkV82JIESGfyNE5Uk="
        },
        "send": {
          "version": "0.11.1",
          "resolved": "https://registry.npmjs.org/send/-/send-0.11.1.tgz",
          "integrity": "sha1-G+q/1C+eJwn5kCivMHisErRwktU=",
          "dependencies": {
            "destroy": {
              "version": "1.0.3",
              "resolved": "https://registry.npmjs.org/destroy/-/destroy-1.0.3.tgz",
              "integrity": "sha1-tDO0ck5x/YVR2YhRdIUcX8N34sk="
            },
            "mime": {
              "version": "1.2.11",
              "resolved": "https://registry.npmjs.org/mime/-/mime-1.2.11.tgz",
              "integrity": "sha1-WCA+7Ybjpe8XrtK32evUfwpg3RA="
            },
            "ms": {
              "version": "0.7.0",
              "resolved": "https://registry.npmjs.org/ms/-/ms-0.7.0.tgz",
              "integrity": "sha1-hlvpTC5zl62KV9pqYzpuLzB5i4M="
            }
          }
        },
        "serve-static": {
          "version": "1.8.1",
          "resolved": "https://registry.npmjs.org/serve-static/-/serve-static-1.8.1.tgz",
          "integrity": "sha1-CPq9OZmfBQ/DEUQ/RtWIinfs/Hw="
        },
        "type-is": {
          "version": "1.5.7",
          "resolved": "https://registry.npmjs.org/type-is/-/type-is-1.5.7.tgz",
          "integrity": "sha1-uTaKWTzG730GReeLL0xky+zQXpA=",
          "dependencies": {
            "mime-types": {
              "version": "2.0.9",
              "resolved": "https://registry.npmjs.org/mime-types/-/mime-types-2.0.9.tgz",
              "integrity": "sha1-6ESa/yexJF3cZkG1JEOa6AxLeKY=",
              "dependencies": {
                "mime-db": {
                  "version": "1.7.0",
                  "resolved": "https://registry.npmjs.org/mime-db/-/mime-db-1.7.0.tgz",
                  "integrity": "sha1-Ns9mpsUupxgnveKH93wlT17xuNM="
                }
              }
            }
          }
        },
        "utils-merge": {
          "version": "1.0.0",
          "resolved": "https://registry.npmjs.org/utils-merge/-/utils-merge-1.0.0.tgz",
          "integrity": "sha1-ApT7kiu5N1FTVBxPcJYjHyh8ivg="
        },
        "vary": {
          "version": "1.0.0",
          "resolved": "https://registry.npmjs.org/vary/-/vary-1.0.0.tgz",
          "integrity": "sha1-xeds7CDTgg2PKpbnvuOHMcNNoec="
        }
      }
    },
    "jade": {
      "version": "1.9.2",
      "resolved": "https://registry.npmjs.org/jade/-/jade-1.9.2.tgz",
      "integrity": "sha1-C4n5xg1OrSc46Ca6eyzKyaVwKr4=",
      "dependencies": {
        "character-parser": {
          "version": "1.2.1",
          "resolved": "https://registry.npmjs.org/character-parser/-/character-parser-1.2.1.tgz",
          "integrity": "sha1-wN3kqxgnE7kZuXCVmhI+zBow/NY="
        },
        "commander": {
          "version": "2.6.0",
          "resolved": "https://registry.npmjs.org/commander/-/commander-2.6.0.tgz",
          "integrity": "sha1-nfflL7Kgyw+4kFjugMMQQiXzfh0="
        },
        "constantinople": {
          "version": "3.0.1",
          "resolved": "https://registry.npmjs.org/constantinople/-/constantinople-3.0.1.tgz",
          "integrity": "sha1-Hd+d6sDRTENnwdWz8W+ydj8SMQg=",
          "dependencies": {
            "acorn-globals": {
              "version": "1.0.2",
              "resolved": "https://registry.npmjs.org/acorn-globals/-/acorn-globals-1.0.2.tgz",
              "integrity": "sha1-+QvyGERAXmSdAK3WGmiPxqNGIVg=",
              "dependencies": {
                "acorn": {
                  "version": "0.11.0",
                  "resolved": "https://registry.npmjs.org/acorn/-/acorn-0.11.0.tgz",
                  "integrity": "sha1-bpXwJTrRYf8BJ9symD5eLlNS1Zo="
                }
              }
            }
          }
        },
        "mkdirp": {
          "version": "0.5.0",
          "resolved": "https://registry.npmjs.org/mkdirp/-/mkdirp-0.5.0.tgz",
          "integrity": "sha1-HXMHam35hs2TROFecfzAWkyavxI=",
          "dependencies": {
            "minimist": {
              "version": "0.0.8",
              "resolved": "https://registry.npmjs.org/minimist/-/minimist-0.0.8.tgz",
              "integrity": "sha1-hX/Kv8M5fSYluCKCYuhqp6ARsF0="
            }
          }
        },
        "transformers": {
          "version": "2.1.0",
          "resolved": "https://registry.npmjs.org/transformers/-/transformers-2.1.0.tgz",
          "integrity": "sha1-XSPLNVYd2F3Gf7hIIwm0fVPM6ac=",
          "dependencies": {
            "css": {
              "version": "1.0.8",
              "resolved": "https://registry.npmjs.org/css/-/css-1.0.8.tgz",
              "integrity": "sha1-k4aBHKgrzMnuf7WnMrHioxfIo+c=",
              "dependencies": {
                "css-parse": {
                  "version": "1.0.4",
                  "resolved": "https://registry.npmjs.org/css-parse/-/css-parse-1.0.4.tgz",
                  "integrity": "sha1-OLBQP7+dqfVOnB29pg4UXHcRe90="
                },
                "css-stringify": {
                  "version": "1.0.5",
                  "resolved": "https://registry.npmjs.org/css-stringify/-/css-stringify-1.0.5.tgz",
                  "integrity": "sha1-sNBClG2ylTu50pKQCmy19tASIDE="
                }
              }
            },
            "promise": {
              "version": "2.0.0",
              "resolved": "https://registry.npmjs.org/promise/-/promise-2.0.0.tgz",
              "integrity": "sha1-RmSKqdYFr10ucMMCS/WUNtoCuA4=",
              "dependencies": {
                "is-promise": {
                  "version": "1.0.1",
                  "resolved": "https://registry.npmjs.org/is-promise/-/is-promise-1.0.1.tgz",
                  "integrity": "sha1-MVc3YcBX4zwukaq56W2gjO++duU="
                }
              }
            },
            "uglify-js": {
              "version": "2.2.5",
              "resolved": "https://registry.npmjs.org/uglify-js/-/uglify-js-2.2.5.tgz",
              "integrity": "sha1-puAqcNg5eSuXgEiLe4sYTAlcmcc=",
              "dependencies": {
                "optimist": {
                  "version": "0.3.7",
                  "resolved": "https://registry.npmjs.org/optimist/-/optimist-0.3.7.tgz",
                  "integrity": "sha1-yQlBrVnkJzMokjB00s8ufLxuwNk=",
                  "dependencies": {
                    "wordwrap": {
                      "version": "0.0.2",
                      "resolved": "https://registry.npmjs.org/wordwrap/-/wordwrap-0.0.2.tgz",
                      "integrity": "sha1-t5Zpu0LstAn4PVg8rVLKF+qhZD8="
                    }
                  }
                },
                "source-map": {
                  "version": "0.1.43",
                  "resolved": "https://registry.npmjs.org/source-map/-/source-map-0.1.43.tgz",
                  "integrity": "sha1-wkvBRspRfBRx9drL4lcbK3+eM0Y=",
                  "dependencies": {
                    "amdefine": {
                      "version": "0.1.0",
                      "resolved": "https://registry.npmjs.org/amdefine/-/amdefine-0.1.0.tgz",
                      "integrity": "sha1-PKlzXPHd4O33pL9mQXCcgCT5sic="
                    }
                  }
                }
              }
            }
          }
        },
        "void-elements": {
          "version": "2.0.1",
          "resolved": "https://registry.npmjs.org/void-elements/-/void-elements-2.0.1.tgz",
          "integrity": "sha1-wGavtYK7HLQSjWDqkjkulNXp2+w="
        },
        "with": {
          "version": "4.0.1",
          "resolved": "https://registry.npmjs.org/with/-/with-4.0.1.tgz",
          "integrity": "sha1-rM16fDIfLYPjA+UcArt+sf/xnDI=",
          "dependencies": {
            "acorn": {
              "version": "0.11.0",
              "resolved": "https://registry.npmjs.org/acorn/-/acorn-0.11.0.tgz",
              "integrity": "sha1-bpXwJTrRYf8BJ9symD5eLlNS1Zo="
            },
            "acorn-globals": {
              "version": "1.0.2",
              "resolved": "https://registry.npmjs.org/acorn-globals/-/acorn-globals-1.0.2.tgz",
              "integrity": "sha1-+QvyGERAXmSdAK3WGmiPxqNGIVg="
            }
          }
        }
      }
    },
    "morgan": {
      "version": "1.5.1",
      "resolved": "https://registry.npmjs.org/morgan/-/morgan-1.5.1.tgz",
      "integrity": "sha1-qWiO7ZGHq2SNgW/AnGlvroguFvY=",
      "dependencies": {
        "basic-auth": {
          "version": "1.0.0",
          "resolved": "https://registry.npmjs.org/basic-auth/-/basic-auth-1.0.0.tgz",
          "integrity": "sha1-ERstn/jk5tE2uMhOpeCWy4c1Fjc="
        },
        "debug": {
          "version": "2.1.1",
          "resolved": "https://registry.npmjs.org/debug/-/debug-2.1.1.tgz",
          "integrity": "sha1-4MVIzGB63CK1N1QNw2OcQjb9+Qw=",
          "dependencies": {
            "ms": {
              "version": "0.6.2",
              "resolved": "https://registry.npmjs.org/ms/-/ms-0.6.2.tgz",
              "integrity": "sha1-2JwhJMb9wTU9Zai3e/GqxLGTcIw="
            }
          }
        },
        "depd": {
          "version": "1.0.0",
          "resolved": "https://registry.npmjs.org/depd/-/depd-1.0.0.tgz",
          "integrity": "sha1-L9oNAOmKrihF1Jkasb8fKhmQc9U="
        },
        "on-finished": {
          "version": "2.2.0",
          "resolved": "https://registry.npmjs.org/on-finished/-/on-finished-2.2.0.tgz",
          "integrity": "sha1-5rpqCaNILWt5abw9qSyG8KlnYF4=",
          "dependencies": {
            "ee-first": {
              "version": "1.1.0",
              "resolved": "https://registry.npmjs.org/ee-first/-/ee-first-1.1.0.tgz",
              "integrity": "sha1-ag18YiHkkP7v2S7D9EHJzozQl/Q="
            }
          }
        }
      }
    },
    "nodemailer": {
      "version": "1.3.1",
      "resolved": "https://registry.npmjs.org/nodemailer/-/nodemailer-1.3.1.tgz",
      "integrity": "sha1-URwd365brGfmOkQ6XU47yu0yEw8=",
      "dependencies": {
        "buildmail": {
          "version": "1.2.0",
          "resolved": "https://registry.npmjs.org/buildmail/-/buildmail-1.2.0.tgz",
          "integrity": "sha1-lDTu/hd/xJaiPmBfUc6zjaOmzuY=",
          "dependencies": {
            "addressparser": {
              "version": "0.3.2",
              "resolved": "https://registry.npmjs.org/addressparser/-/addressparser-0.3.2.tgz",
              "integrity": "sha1-WYc/Nej89sc2HBAjkmHXbhU0i7I="
            },
            "hyperquest": {
              "version": "0.3.0",
              "resolved": "https://registry.npmjs.org/hyperquest/-/hyperquest-0.3.0.tgz",
              "integrity": "sha1-TDwGwHR1XpIfCaLbUa6l5ufuFV8=",
              "dependencies": {
                "duplexer": {
                  "version": "0.1.1",
                  "resolved": "https://registry.npmjs.org/duplexer/-/duplexer-0.1.1.tgz",
                  "integrity": "sha1-rOb/gIwc5mtX0ev5eXessCM0z8E="
                },
                "through": {
                  "version": "2.2.7",
                  "resolved": "https://registry.npmjs.org/through/-/through-2.2.7.tgz",
                  "integrity": "sha1-bo4hIAGR1OtqmfbwEN9Gqhxusr0="
                }
              }
            },
            "libbase64": {
              "version": "0.1.0",
              "resolved": "https://registry.npmjs.org/libbase64/-/libbase64-0.1.0.tgz",
              "integrity": "sha1-YjUag5VjrF/1vSbxL2Dpgwu3UeY="
            },
            "libqp": {
              "version": "0.1.1",
              "resolved": "https://registry.npmjs.org/libqp/-/libqp-0.1.1.tgz",
              "integrity": "sha1-LRDKu5axT+lkn0rjU6ObqpAGOwE="
            }
          }
        },
        "hyperquest": {
          "version": "1.0.1",
          "resolved": "https://registry.npmjs.org/hyperquest/-/hyperquest-1.0.1.tgz",
          "integrity": "sha1-ocjcC8N8A6g6vojYJkE1IwFuw4E=",
          "dependencies": {
            "duplexer2": {
              "version": "0.0.2",
              "resolved": "https://registry.npmjs.org/duplexer2/-/duplexer2-0.0.2.tgz",
              "integrity": "sha1-xhTc9n4vsUmVqRcR5aYX6KYKMds=",
              "dependencies": {
                "readable-stream": {
                  "version": "1.1.13",
                  "resolved": "https://registry.npmjs.org/readable-stream/-/readable-stream-1.1.13.tgz",
                  "integrity": "sha1-9u73ZPUUyJ4rniMUanW6EGdW0j4=",
                  "dependencies": {
                    "core-util-is": {
                      "version": "1.0.1",
                      "resolved": "https://registry.npmjs.org/core-util-is/-/core-util-is-1.0.1.tgz",
                      "integrity": "sha1-awcIWu+aPMrG7lO/nT3wwVIaVTg="
                    },
                    "inherits": {
                      "version": "2.0.1",
                      "resolved": "https://registry.npmjs.org/inherits/-/inherits-2.0.1.tgz",
                      "integrity": "sha1-sX0I0ya0Qj5Wjv9xn5GwscvfafE="
                    },
                    "isarray": {
                      "version": "0.0.1",
                      "resolved": "https://registry.npmjs.org/isarray/-/isarray-0.0.1.tgz",
                      "integrity": "sha1-ihis/Kmo9Bd+Cav8YDiTmwXR7t8="
                    },
                    "string_decoder": {
                      "version": "0.10.31",
                      "resolved": "https://registry.npmjs.org/string_decoder/-/string_decoder-0.10.31.tgz",
                      "integrity": "sha1-YuIDvEF2bGwoyfyEMB2rHFMQ+pQ="
                    }
                  }
                }
              }
            },
            "through2": {
              "version": "0.6.3",
              "resolved": "https://registry.npmjs.org/through2/-/through2-0.6.3.tgz",
              "integrity": "sha1-eVKS/enyVMKjaLOPnMXRvUZjr7Y=",
              "dependencies": {
                "readable-stream": {
                  "version": "1.0.33",
                  "resolved": "https://registry.npmjs.org/readable-stream/-/readable-stream-1.0.33.tgz",
                  "integrity": "sha1-OjYN1mwbHX/UcFOJhg7aHQ9hEmw=",
                  "dependencies": {
                    "core-util-is": {
                      "version": "1.0.1",
                      "resolved": "https://registry.npmjs.org/core-util-is/-/core-util-is-1.0.1.tgz",
                      "integrity": "sha1-awcIWu+aPMrG7lO/nT3wwVIaVTg="
                    },
                    "inherits": {
                      "version": "2.0.1",
                      "resolved": "https://registry.npmjs.org/inherits/-/inherits-2.0.1.tgz",
                      "integrity": "sha1-sX0I0ya0Qj5Wjv9xn5GwscvfafE="
                    },
                    "isarray": {
                      "version": "0.0.1",
                      "resolved": "https://registry.npmjs.org/isarray/-/isarray-0.0.1.tgz",
                      "integrity": "sha1-ihis/Kmo9Bd+Cav8YDiTmwXR7t8="
                    },
                    "string_decoder": {
                      "version": "0.10.31",
                      "resolved": "https://registry.npmjs.org/string_decoder/-/string_decoder-0.10.31.tgz",
                      "integrity": "sha1-YuIDvEF2bGwoyfyEMB2rHFMQ+pQ="
                    }
                  }
                },
                "xtend": {
                  "version": "4.0.0",
                  "resolved": "https://registry.npmjs.org/xtend/-/xtend-4.0.0.tgz",
                  "integrity": "sha1-i8Nv+Hrtvnzp6vC8o2sjVKdDhA8="
                }
              }
            }
          }
        },
        "libmime": {
          "version": "0.1.7",
          "resolved": "https://registry.npmjs.org/libmime/-/libmime-0.1.7.tgz",
          "integrity": "sha1-gnuNTfNJ4Ixs/xvG1rUexX00nLI=",
          "dependencies": {
            "iconv-lite": {
              "version": "0.4.7",
              "resolved": "https://registry.npmjs.org/iconv-lite/-/iconv-lite-0.4.7.tgz",
              "integrity": "sha1-idMv7IIb+Fl/RGCbS8Cb7VwgmiM="
            },
            "libbase64": {
              "version": "0.1.0",
              "resolved": "https://registry.npmjs.org/libbase64/-/libbase64-0.1.0.tgz",
              "integrity": "sha1-YjUag5VjrF/1vSbxL2Dpgwu3UeY="
            },
            "libqp": {
              "version": "0.1.1",
              "resolved": "https://registry.npmjs.org/libqp/-/libqp-0.1.1.tgz",
              "integrity": "sha1-LRDKu5axT+lkn0rjU6ObqpAGOwE="
            }
          }
        },
        "nodemailer-direct-transport": {
          "version": "1.0.1",
          "resolved": "https://registry.npmjs.org/nodemailer-direct-transport/-/nodemailer-direct-transport-1.0.1.tgz",
          "integrity": "sha1-cuQfWkGfd0ugf381BtHazRtWTCs=",
          "dependencies": {
            "smtp-connection": {
              "version": "1.1.0",
              "resolved": "https://registry.npmjs.org/smtp-connection/-/smtp-connection-1.1.0.tgz",
              "integrity": "sha1-OGiBdKl7recEBQC/nNXPgx9LQPg="
            }
          }
        },
        "nodemailer-smtp-transport": {
          "version": "1.0.0",
          "resolved": "https://registry.npmjs.org/nodemailer-smtp-transport/-/nodemailer-smtp-transport-1.0.0.tgz",
          "integrity": "sha1-E5nczwZKX+K7S8osnX5OEnwqWKs=",
          "dependencies": {
            "nodemailer-wellknown": {
              "version": "0.1.5",
              "resolved": "https://registry.npmjs.org/nodemailer-wellknown/-/nodemailer-wellknown-0.1.5.tgz",
              "integrity": "sha1-HkZ6L3Ey7DAnO0XxrjAN0Rk90DU="
            },
            "smtp-connection": {
              "version": "1.1.0",
              "resolved": "https://registry.npmjs.org/smtp-connection/-/smtp-connection-1.1.0.tgz",
              "integrity": "sha1-OGiBdKl7recEBQC/nNXPgx9LQPg="
            }
          }
        }
      }
    },
    "sendgrid": {
      "version": "3.0.11",
      "resolved": "https://registry.npmjs.org/sendgrid/-/sendgrid-3.0.11.tgz",
      "integrity": "sha1-jYnw72FEVk5semhOYi/u0kDoobQ="
    },
    "sendgrid-rest": {
      "version": "2.3.0",
      "resolved": "https://registry.npmjs.org/sendgrid-rest/-/sendgrid-rest-2.3.0.tgz",
      "integrity": "sha1-Zi75WpPHPD4KTnph44gKEMeN0ko="
    }
  }
}
