{
  "name": "Calvinnolan.github.io",
  "version": "1.0.0",
  "lockfileVersion": 1,
  "requires": true,
  "dependencies": {
    "accepts": {
      "version": "1.3.8",
      "resolved": "https://registry.npmjs.org/accepts/-/accepts-1.3.8.tgz",
      "integrity": "sha512-PYAthTa2m2VKxuvSD3DPC/Gy+U+sOA1LAuT8mkmRuvw+NACSaeXEQ+NHcVF7rONl6qcaxV3Uuemwawk+7+SJLw==",
      "requires": {
        "mime-types": "~2.1.34",
        "negotiator": "0.6.3"
      }
    },
    "array-flatten": {
      "version": "1.1.1",
      "resolved": "https://registry.npmjs.org/array-flatten/-/array-flatten-1.1.1.tgz",
      "integrity": "sha512-PCVAQswWemu6UdxsDFFX/+gVeYqKAod3D3UVm91jHwynguOwAvYPhx8nNlM++NqRcK6CxxpUafjmhIdKiHibqg=="
    },
    "basic-auth": {
      "version": "2.0.1",
      "resolved": "https://registry.npmjs.org/basic-auth/-/basic-auth-2.0.1.tgz",
      "integrity": "sha512-NF+epuEdnUYVlGuhaxbbq+dvJttwLnGY+YixlXlME5KpQ5W3CnXA5cVTneY3SPbPDRkcjMbifrwmFYcClgOZeg==",
      "requires": {
        "safe-buffer": "5.1.2"
      }
    },
    "body-parser": {
      "version": "1.12.0",
      "resolved": "https://registry.npmjs.org/body-parser/-/body-parser-1.12.0.tgz",
      "integrity": "sha1-l1D8PMEICzShPRjHmEDNVZl5/OU=",
      "dependencies": {
        "bytes": {
          "version": "1.0.0",
          "resolved": "https://registry.npmjs.org/bytes/-/bytes-1.0.0.tgz",
          "integrity": "sha1-NWnt6Lo0MV+rmcPpLLBMciDeH6g="
        },
        "content-type": {
          "version": "1.0.1",
          "resolved": "https://registry.npmjs.org/content-type/-/content-type-1.0.1.tgz",
          "integrity": "sha1-oZ0iRzJ9wDgFDOYit6FU7FnF5gA="
        },
        "debug": {
          "version": "2.1.1",
          "resolved": "https://registry.npmjs.org/debug/-/debug-2.1.1.tgz",
          "integrity": "sha1-4MVIzGB63CK1N1QNw2OcQjb9+Qw=",
          "dependencies": {
            "ms": {
              "version": "0.6.2",
              "resolved": "https://registry.npmjs.org/ms/-/ms-0.6.2.tgz",
              "integrity": "sha1-2JwhJMb9wTU9Zai3e/GqxLGTcIw="
            }
          }
        },
        "depd": {
          "version": "1.0.0",
          "resolved": "https://registry.npmjs.org/depd/-/depd-1.0.0.tgz",
          "integrity": "sha1-L9oNAOmKrihF1Jkasb8fKhmQc9U="
        },
        "iconv-lite": {
          "version": "0.4.7",
          "resolved": "https://registry.npmjs.org/iconv-lite/-/iconv-lite-0.4.7.tgz",
          "integrity": "sha1-idMv7IIb+Fl/RGCbS8Cb7VwgmiM="
        },
        "on-finished": {
          "version": "2.2.0",
          "resolved": "https://registry.npmjs.org/on-finished/-/on-finished-2.2.0.tgz",
          "integrity": "sha1-5rpqCaNILWt5abw9qSyG8KlnYF4=",
          "dependencies": {
            "ee-first": {
              "version": "1.1.0",
              "resolved": "https://registry.npmjs.org/ee-first/-/ee-first-1.1.0.tgz",
              "integrity": "sha1-ag18YiHkkP7v2S7D9EHJzozQl/Q="
            }
          }
        },
        "qs": {
          "version": "2.3.3",
          "resolved": "https://registry.npmjs.org/qs/-/qs-2.3.3.tgz",
          "integrity": "sha1-6eha2+ddoLvkyOBHaghikPhjtAQ="
        },
        "raw-body": {
          "version": "1.3.3",
          "resolved": "https://registry.npmjs.org/raw-body/-/raw-body-1.3.3.tgz",
          "integrity": "sha1-iEGvP2StUKNR3HfyKRGLQMKPpYw="
        },
        "type-is": {
          "version": "1.6.0",
          "resolved": "https://registry.npmjs.org/type-is/-/type-is-1.6.0.tgz",
          "integrity": "sha1-78uSI/r61aA74U2PbJ4XhfLA58M=",
          "dependencies": {
            "media-typer": {
              "version": "0.3.0",
              "resolved": "https://registry.npmjs.org/media-typer/-/media-typer-0.3.0.tgz",
              "integrity": "sha1-hxDXrwqmJvj/+hzgAWhUUmMlV0g="
            },
            "mime-types": {
              "version": "2.0.9",
              "resolved": "https://registry.npmjs.org/mime-types/-/mime-types-2.0.9.tgz",
              "integrity": "sha1-6ESa/yexJF3cZkG1JEOa6AxLeKY=",
              "dependencies": {
                "mime-db": {
                  "version": "1.7.0",
                  "resolved": "https://registry.npmjs.org/mime-db/-/mime-db-1.7.0.tgz",
                  "integrity": "sha1-Ns9mpsUupxgnveKH93wlT17xuNM="
                }
              }
            }
          }
        }
      }
    },
    "bytes": {
      "version": "3.1.2",
      "resolved": "https://registry.npmjs.org/bytes/-/bytes-3.1.2.tgz",
      "integrity": "sha512-/Nf7TyzTx6S3yRJObOAV7956r8cr2+Oj8AC5dt8wSP3BQAoeX58NoHyCU8P8zGkNXStjTSi6fzO6F0pBdcYbEg=="
    },
    "content-disposition": {
      "version": "0.5.4",
      "resolved": "https://registry.npmjs.org/content-disposition/-/content-disposition-0.5.4.tgz",
      "integrity": "sha512-FveZTNuGw04cxlAiWbzi6zTAL/lhehaWbTtgluJh4/E95DqMwTmha3KZN1aAWA8cFIhHzMZUvLevkw5Rqk+tSQ==",
      "requires": {
        "safe-buffer": "5.2.1"
      },
      "dependencies": {
        "safe-buffer": {
          "version": "5.2.1",
          "resolved": "https://registry.npmjs.org/safe-buffer/-/safe-buffer-5.2.1.tgz",
          "integrity": "sha512-rp3So07KcdmmKbGvgaNxQSJr7bGVSVk5S9Eq1F+ppbRo70+YeaDxkw5Dd8NPN+GD6bjnYm2VuPuCXmpuYvmCXQ=="
        }
      }
    },
    "content-type": {
      "version": "1.0.4",
      "resolved": "https://registry.npmjs.org/content-type/-/content-type-1.0.4.tgz",
      "integrity": "sha512-hIP3EEPs8tB9AT1L+NUqtwOAps4mk2Zob89MWXMHjHWg9milF/j4osnnQLXBCBFBk/tvIG/tUc9mOUJiPBhPXA=="
    },
    "cookie": {
      "version": "0.4.2",
      "resolved": "https://registry.npmjs.org/cookie/-/cookie-0.4.2.tgz",
      "integrity": "sha512-aSWTXFzaKWkvHO1Ny/s+ePFpvKsPnjc551iI41v3ny/ow6tBG5Vd+FuqGNhh1LxOmVzOlGUriIlOaokOvhaStA=="
    },
    "cookie-signature": {
      "version": "1.0.6",
      "resolved": "https://registry.npmjs.org/cookie-signature/-/cookie-signature-1.0.6.tgz",
      "integrity": "sha512-QADzlaHc8icV8I7vbaJXJwod9HWYp8uCqf1xa4OfNu1T7JVxQIrUgOWtHdNDtPiywmFbiS12VjotIXLrKM3orQ=="
    },
    "debug": {
      "version": "2.6.9",
      "resolved": "https://registry.npmjs.org/debug/-/debug-2.6.9.tgz",
      "integrity": "sha512-bC7ElrdJaJnPbAP+1EotYvqZsb3ecl5wi6Bfi6BJTUcNowp6cvspg0jXznRTKDjm/E7AdgFBVeAPVMNcKGsHMA==",
      "requires": {
        "ms": "2.0.0"
      }
    },
    "depd": {
      "version": "1.1.2",
      "resolved": "https://registry.npmjs.org/depd/-/depd-1.1.2.tgz",
      "integrity": "sha1-m81S4UwJd2PnSbJ0xDRu0uVgtak="
    },
    "destroy": {
      "version": "1.0.4",
      "resolved": "https://registry.npmjs.org/destroy/-/destroy-1.0.4.tgz",
      "integrity": "sha512-3NdhDuEXnfun/z7x9GOElY49LoqVHoGScmOKwmxhsS8N5Y+Z8KyPPDnaSzqWgYt/ji4mqwfTS34Htrk0zPIXVg=="
    },
    "ee-first": {
      "version": "1.1.1",
      "resolved": "https://registry.npmjs.org/ee-first/-/ee-first-1.1.1.tgz",
      "integrity": "sha1-WQxhFWsK4vTwJVcyoViyZrxWsh0="
    },
    "ejs": {
      "version": "2.5.5",
      "resolved": "https://registry.npmjs.org/ejs/-/ejs-2.5.5.tgz",
      "integrity": "sha1-bvTpVOp9z1T2aq0v56pCGTLZ7Xc="
    },
    "encodeurl": {
      "version": "1.0.2",
      "resolved": "https://registry.npmjs.org/encodeurl/-/encodeurl-1.0.2.tgz",
      "integrity": "sha512-TPJXq8JqFaVYm2CWmPvnP2Iyo4ZSM7/QKcSmuMLDObfpH5fi7RUGmd/rTDf+rut/saiDiQEeVTNgAmJEdAOx0w=="
    },
    "escape-html": {
      "version": "1.0.3",
      "resolved": "https://registry.npmjs.org/escape-html/-/escape-html-1.0.3.tgz",
      "integrity": "sha512-NiSupZ4OeuGwr68lGIeym/ksIZMJodUGOSCZ/FSnTxcrekbvqrgdUxlJOMpijaKZVjAJrWrGs/6Jy8OMuyj9ow=="
    },
    "etag": {
      "version": "1.8.1",
      "resolved": "https://registry.npmjs.org/etag/-/etag-1.8.1.tgz",
      "integrity": "sha512-aIL5Fx7mawVa300al2BnEE4iNvo1qETxLrPI/o05L7z6go7fCw1J6EQmbK4FmJ2AS7kgVF/KEZWufBfdClMcPg=="
    },
    "express": {
      "version": "4.17.3",
      "resolved": "https://registry.npmjs.org/express/-/express-4.17.3.tgz",
      "integrity": "sha512-yuSQpz5I+Ch7gFrPCk4/c+dIBKlQUxtgwqzph132bsT6qhuzss6I8cLJQz7B3rFblzd6wtcI0ZbGltH/C4LjUg==",
      "requires": {
        "accepts": "~1.3.8",
        "array-flatten": "1.1.1",
        "body-parser": "1.19.2",
        "content-disposition": "0.5.4",
        "content-type": "~1.0.4",
        "cookie": "0.4.2",
        "cookie-signature": "1.0.6",
        "debug": "2.6.9",
        "depd": "~1.1.2",
        "encodeurl": "~1.0.2",
        "escape-html": "~1.0.3",
        "etag": "~1.8.1",
        "finalhandler": "~1.1.2",
        "fresh": "0.5.2",
        "merge-descriptors": "1.0.1",
        "methods": "~1.1.2",
        "on-finished": "~2.3.0",
        "parseurl": "~1.3.3",
        "path-to-regexp": "0.1.7",
        "proxy-addr": "~2.0.7",
        "qs": "6.9.7",
        "range-parser": "~1.2.1",
        "safe-buffer": "5.2.1",
        "send": "0.17.2",
        "serve-static": "1.14.2",
        "setprototypeof": "1.2.0",
        "statuses": "~1.5.0",
        "type-is": "~1.6.18",
        "utils-merge": "1.0.1",
        "vary": "~1.1.2"
      },
      "dependencies": {
        "body-parser": {
          "version": "1.19.2",
          "resolved": "https://registry.npmjs.org/body-parser/-/body-parser-1.19.2.tgz",
          "integrity": "sha512-SAAwOxgoCKMGs9uUAUFHygfLAyaniaoun6I8mFY9pRAJL9+Kec34aU+oIjDhTycub1jozEfEwx1W1IuOYxVSFw==",
          "requires": {
            "bytes": "3.1.2",
            "content-type": "~1.0.4",
            "debug": "2.6.9",
            "depd": "~1.1.2",
            "http-errors": "1.8.1",
            "iconv-lite": "0.4.24",
            "on-finished": "~2.3.0",
            "qs": "6.9.7",
            "raw-body": "2.4.3",
            "type-is": "~1.6.18"
          }
        },
        "safe-buffer": {
          "version": "5.2.1",
          "resolved": "https://registry.npmjs.org/safe-buffer/-/safe-buffer-5.2.1.tgz",
          "integrity": "sha512-rp3So07KcdmmKbGvgaNxQSJr7bGVSVk5S9Eq1F+ppbRo70+YeaDxkw5Dd8NPN+GD6bjnYm2VuPuCXmpuYvmCXQ=="
        }
      }
    },
    "finalhandler": {
      "version": "1.1.2",
      "resolved": "https://registry.npmjs.org/finalhandler/-/finalhandler-1.1.2.tgz",
      "integrity": "sha512-aAWcW57uxVNrQZqFXjITpW3sIUQmHGG3qSb9mUah9MgMC4NeWhNOlNjXEYq3HjRAvL6arUviZGGJsBg6z0zsWA==",
      "requires": {
        "debug": "2.6.9",
        "encodeurl": "~1.0.2",
        "escape-html": "~1.0.3",
        "on-finished": "~2.3.0",
        "parseurl": "~1.3.3",
        "statuses": "~1.5.0",
        "unpipe": "~1.0.0"
      }
    },
    "forwarded": {
      "version": "0.2.0",
      "resolved": "https://registry.npmjs.org/forwarded/-/forwarded-0.2.0.tgz",
      "integrity": "sha512-buRG0fpBtRHSTCOASe6hD258tEubFoRLb4ZNA6NxMVHNw2gOcwHo9wyablzMzOA5z9xA9L1KNjk/Nt6MT9aYow=="
    },
    "fresh": {
      "version": "0.5.2",
      "resolved": "https://registry.npmjs.org/fresh/-/fresh-0.5.2.tgz",
      "integrity": "sha512-zJ2mQYM18rEFOudeV4GShTGIQ7RbzA7ozbU9I/XBpm7kqgMywgmylMwXHxZJmkVoYkna9d2pVXVXPdYTP9ej8Q=="
    },
    "http-errors": {
      "version": "1.8.1",
      "resolved": "https://registry.npmjs.org/http-errors/-/http-errors-1.8.1.tgz",
      "integrity": "sha512-Kpk9Sm7NmI+RHhnj6OIWDI1d6fIoFAtFt9RLaTMRlg/8w49juAStsrBgp0Dp4OdxdVbRIeKhtCUvoi/RuAhO4g==",
      "requires": {
        "depd": "~1.1.2",
        "inherits": "2.0.4",
        "setprototypeof": "1.2.0",
        "statuses": ">= 1.5.0 < 2",
        "toidentifier": "1.0.1"
      }
    },
    "iconv-lite": {
      "version": "0.4.24",
      "resolved": "https://registry.npmjs.org/iconv-lite/-/iconv-lite-0.4.24.tgz",
      "integrity": "sha512-v3MXnZAcvnywkTUEZomIActle7RXXeedOR31wwl7VlyoXO4Qi9arvSenNQWne1TcRwhCL1HwLI21bEqdpj8/rA==",
      "requires": {
        "safer-buffer": ">= 2.1.2 < 3"
      }
    },
    "inherits": {
      "version": "2.0.4",
      "resolved": "https://registry.npmjs.org/inherits/-/inherits-2.0.4.tgz",
      "integrity": "sha512-k/vGaX4/Yla3WzyMCvTQOXYeIHvqOKtnqBduzTHpzpQZzAskKMhZ2K+EnBiSM9zGSoIFeMpXKxa4dYeZIQqewQ=="
    },
    "ipaddr.js": {
      "version": "1.9.1",
      "resolved": "https://registry.npmjs.org/ipaddr.js/-/ipaddr.js-1.9.1.tgz",
      "integrity": "sha512-0KI/607xoxSToH7GjN1FfSbLoU0+btTicjsQSWQlh/hZykN8KpmMf7uYwPW3R+akZ6R/w18ZlXSHBYXiYUPO3g=="
    },
    "jade": {
      "version": "1.9.2",
      "resolved": "https://registry.npmjs.org/jade/-/jade-1.9.2.tgz",
      "integrity": "sha1-C4n5xg1OrSc46Ca6eyzKyaVwKr4=",
      "dependencies": {
        "character-parser": {
          "version": "1.2.1",
          "resolved": "https://registry.npmjs.org/character-parser/-/character-parser-1.2.1.tgz",
          "integrity": "sha1-wN3kqxgnE7kZuXCVmhI+zBow/NY="
        },
        "commander": {
          "version": "2.6.0",
          "resolved": "https://registry.npmjs.org/commander/-/commander-2.6.0.tgz",
          "integrity": "sha1-nfflL7Kgyw+4kFjugMMQQiXzfh0="
        },
        "constantinople": {
          "version": "3.0.1",
          "resolved": "https://registry.npmjs.org/constantinople/-/constantinople-3.0.1.tgz",
          "integrity": "sha1-Hd+d6sDRTENnwdWz8W+ydj8SMQg=",
          "dependencies": {
            "acorn-globals": {
              "version": "1.0.2",
              "resolved": "https://registry.npmjs.org/acorn-globals/-/acorn-globals-1.0.2.tgz",
              "integrity": "sha1-+QvyGERAXmSdAK3WGmiPxqNGIVg=",
              "dependencies": {
                "acorn": {
                  "version": "0.11.0",
                  "resolved": "https://registry.npmjs.org/acorn/-/acorn-0.11.0.tgz",
                  "integrity": "sha1-bpXwJTrRYf8BJ9symD5eLlNS1Zo="
                }
              }
            }
          }
        },
        "mkdirp": {
          "version": "0.5.0",
          "resolved": "https://registry.npmjs.org/mkdirp/-/mkdirp-0.5.0.tgz",
          "integrity": "sha1-HXMHam35hs2TROFecfzAWkyavxI=",
          "dependencies": {
            "minimist": {
              "version": "0.0.8",
              "resolved": "https://registry.npmjs.org/minimist/-/minimist-0.0.8.tgz",
              "integrity": "sha1-hX/Kv8M5fSYluCKCYuhqp6ARsF0="
            }
          }
        },
        "transformers": {
          "version": "2.1.0",
          "resolved": "https://registry.npmjs.org/transformers/-/transformers-2.1.0.tgz",
          "integrity": "sha1-XSPLNVYd2F3Gf7hIIwm0fVPM6ac=",
          "dependencies": {
            "css": {
              "version": "1.0.8",
              "resolved": "https://registry.npmjs.org/css/-/css-1.0.8.tgz",
              "integrity": "sha1-k4aBHKgrzMnuf7WnMrHioxfIo+c=",
              "dependencies": {
                "css-parse": {
                  "version": "1.0.4",
                  "resolved": "https://registry.npmjs.org/css-parse/-/css-parse-1.0.4.tgz",
                  "integrity": "sha1-OLBQP7+dqfVOnB29pg4UXHcRe90="
                },
                "css-stringify": {
                  "version": "1.0.5",
                  "resolved": "https://registry.npmjs.org/css-stringify/-/css-stringify-1.0.5.tgz",
                  "integrity": "sha1-sNBClG2ylTu50pKQCmy19tASIDE="
                }
              }
            },
            "promise": {
              "version": "2.0.0",
              "resolved": "https://registry.npmjs.org/promise/-/promise-2.0.0.tgz",
              "integrity": "sha1-RmSKqdYFr10ucMMCS/WUNtoCuA4=",
              "dependencies": {
                "is-promise": {
                  "version": "1.0.1",
                  "resolved": "https://registry.npmjs.org/is-promise/-/is-promise-1.0.1.tgz",
                  "integrity": "sha1-MVc3YcBX4zwukaq56W2gjO++duU="
                }
              }
            },
            "uglify-js": {
              "version": "2.2.5",
              "resolved": "https://registry.npmjs.org/uglify-js/-/uglify-js-2.2.5.tgz",
              "integrity": "sha1-puAqcNg5eSuXgEiLe4sYTAlcmcc=",
              "dependencies": {
                "optimist": {
                  "version": "0.3.7",
                  "resolved": "https://registry.npmjs.org/optimist/-/optimist-0.3.7.tgz",
                  "integrity": "sha1-yQlBrVnkJzMokjB00s8ufLxuwNk=",
                  "dependencies": {
                    "wordwrap": {
                      "version": "0.0.2",
                      "resolved": "https://registry.npmjs.org/wordwrap/-/wordwrap-0.0.2.tgz",
                      "integrity": "sha1-t5Zpu0LstAn4PVg8rVLKF+qhZD8="
                    }
                  }
                },
                "source-map": {
                  "version": "0.1.43",
                  "resolved": "https://registry.npmjs.org/source-map/-/source-map-0.1.43.tgz",
                  "integrity": "sha1-wkvBRspRfBRx9drL4lcbK3+eM0Y=",
                  "dependencies": {
                    "amdefine": {
                      "version": "0.1.0",
                      "resolved": "https://registry.npmjs.org/amdefine/-/amdefine-0.1.0.tgz",
                      "integrity": "sha1-PKlzXPHd4O33pL9mQXCcgCT5sic="
                    }
                  }
                }
              }
            }
          }
        },
        "void-elements": {
          "version": "2.0.1",
          "resolved": "https://registry.npmjs.org/void-elements/-/void-elements-2.0.1.tgz",
          "integrity": "sha1-wGavtYK7HLQSjWDqkjkulNXp2+w="
        },
        "with": {
          "version": "4.0.1",
          "resolved": "https://registry.npmjs.org/with/-/with-4.0.1.tgz",
          "integrity": "sha1-rM16fDIfLYPjA+UcArt+sf/xnDI=",
          "dependencies": {
            "acorn": {
              "version": "0.11.0",
              "resolved": "https://registry.npmjs.org/acorn/-/acorn-0.11.0.tgz",
              "integrity": "sha1-bpXwJTrRYf8BJ9symD5eLlNS1Zo="
            },
            "acorn-globals": {
              "version": "1.0.2",
              "resolved": "https://registry.npmjs.org/acorn-globals/-/acorn-globals-1.0.2.tgz",
              "integrity": "sha1-+QvyGERAXmSdAK3WGmiPxqNGIVg="
            }
          }
        }
      }
    },
    "media-typer": {
      "version": "0.3.0",
      "resolved": "https://registry.npmjs.org/media-typer/-/media-typer-0.3.0.tgz",
      "integrity": "sha512-dq+qelQ9akHpcOl/gUVRTxVIOkAJ1wR3QAvb4RsVjS8oVoFjDGTc679wJYmUmknUF5HwMLOgb5O+a3KxfWapPQ=="
    },
    "merge-descriptors": {
      "version": "1.0.1",
      "resolved": "https://registry.npmjs.org/merge-descriptors/-/merge-descriptors-1.0.1.tgz",
      "integrity": "sha512-cCi6g3/Zr1iqQi6ySbseM1Xvooa98N0w31jzUYrXPX2xqObmFGHJ0tQ5u74H3mVh7wLouTseZyYIq39g8cNp1w=="
    },
    "methods": {
      "version": "1.1.2",
      "resolved": "https://registry.npmjs.org/methods/-/methods-1.1.2.tgz",
      "integrity": "sha512-iclAHeNqNm68zFtnZ0e+1L2yUIdvzNoauKU4WBA3VvH/vPFieF7qfRlwUZU+DA9P9bPXIS90ulxoUoCH23sV2w=="
    },
    "mime": {
      "version": "1.6.0",
      "resolved": "https://registry.npmjs.org/mime/-/mime-1.6.0.tgz",
      "integrity": "sha512-x0Vn8spI+wuJ1O6S7gnbaQg8Pxh4NNHb7KSINmEWKiPE4RKOplvijn+NkmYmmRgP68mc70j2EbeTFRsrswaQeg=="
    },
    "mime-db": {
      "version": "1.52.0",
      "resolved": "https://registry.npmjs.org/mime-db/-/mime-db-1.52.0.tgz",
      "integrity": "sha512-sPU4uV7dYlvtWJxwwxHD0PuihVNiE7TyAbQ5SWxDCB9mUYvOgroQOwYQQOKPJ8CIbE+1ETVlOoK1UC2nU3gYvg=="
    },
    "mime-types": {
      "version": "2.1.35",
      "resolved": "https://registry.npmjs.org/mime-types/-/mime-types-2.1.35.tgz",
      "integrity": "sha512-ZDY+bPm5zTTF+YpCrAU9nK0UgICYPT0QtT1NZWFv4s++TNkcgVaT0g6+4R2uI4MjQjzysHB1zxuWL50hzaeXiw==",
      "requires": {
        "mime-db": "1.52.0"
      }
    },
    "morgan": {
      "version": "1.9.1",
      "resolved": "https://registry.npmjs.org/morgan/-/morgan-1.9.1.tgz",
      "integrity": "sha512-HQStPIV4y3afTiCYVxirakhlCfGkI161c76kKFca7Fk1JusM//Qeo1ej2XaMniiNeaZklMVrh3vTtIzpzwbpmA==",
      "requires": {
        "basic-auth": "~2.0.0",
        "debug": "2.6.9",
        "depd": "~1.1.2",
        "on-finished": "~2.3.0",
        "on-headers": "~1.0.1"
      }
    },
    "ms": {
      "version": "2.0.0",
      "resolved": "https://registry.npmjs.org/ms/-/ms-2.0.0.tgz",
      "integrity": "sha1-VgiurfwAvmwpAd9fmGF4jeDVl8g="
    },
    "negotiator": {
      "version": "0.6.3",
      "resolved": "https://registry.npmjs.org/negotiator/-/negotiator-0.6.3.tgz",
      "integrity": "sha512-+EUsqGPLsM+j/zdChZjsnX51g4XrHFOIXwfnCVPGlQk/k5giakcKsuxCObBRu6DSm9opw/O6slWbJdghQM4bBg=="
    },
    "nodemailer": {
      "version": "1.3.1",
      "resolved": "https://registry.npmjs.org/nodemailer/-/nodemailer-1.3.1.tgz",
      "integrity": "sha1-URwd365brGfmOkQ6XU47yu0yEw8=",
      "dependencies": {
        "buildmail": {
          "version": "1.2.0",
          "resolved": "https://registry.npmjs.org/buildmail/-/buildmail-1.2.0.tgz",
          "integrity": "sha1-lDTu/hd/xJaiPmBfUc6zjaOmzuY=",
          "dependencies": {
            "addressparser": {
              "version": "0.3.2",
              "resolved": "https://registry.npmjs.org/addressparser/-/addressparser-0.3.2.tgz",
              "integrity": "sha1-WYc/Nej89sc2HBAjkmHXbhU0i7I="
            },
            "hyperquest": {
              "version": "0.3.0",
              "resolved": "https://registry.npmjs.org/hyperquest/-/hyperquest-0.3.0.tgz",
              "integrity": "sha1-TDwGwHR1XpIfCaLbUa6l5ufuFV8=",
              "dependencies": {
                "duplexer": {
                  "version": "0.1.1",
                  "resolved": "https://registry.npmjs.org/duplexer/-/duplexer-0.1.1.tgz",
                  "integrity": "sha1-rOb/gIwc5mtX0ev5eXessCM0z8E="
                },
                "through": {
                  "version": "2.2.7",
                  "resolved": "https://registry.npmjs.org/through/-/through-2.2.7.tgz",
                  "integrity": "sha1-bo4hIAGR1OtqmfbwEN9Gqhxusr0="
                }
              }
            },
            "libbase64": {
              "version": "0.1.0",
              "resolved": "https://registry.npmjs.org/libbase64/-/libbase64-0.1.0.tgz",
              "integrity": "sha1-YjUag5VjrF/1vSbxL2Dpgwu3UeY="
            },
            "libqp": {
              "version": "0.1.1",
              "resolved": "https://registry.npmjs.org/libqp/-/libqp-0.1.1.tgz",
              "integrity": "sha1-LRDKu5axT+lkn0rjU6ObqpAGOwE="
            }
          }
        },
        "hyperquest": {
          "version": "1.0.1",
          "resolved": "https://registry.npmjs.org/hyperquest/-/hyperquest-1.0.1.tgz",
          "integrity": "sha1-ocjcC8N8A6g6vojYJkE1IwFuw4E=",
          "dependencies": {
            "duplexer2": {
              "version": "0.0.2",
              "resolved": "https://registry.npmjs.org/duplexer2/-/duplexer2-0.0.2.tgz",
              "integrity": "sha1-xhTc9n4vsUmVqRcR5aYX6KYKMds=",
              "dependencies": {
                "readable-stream": {
                  "version": "1.1.13",
                  "resolved": "https://registry.npmjs.org/readable-stream/-/readable-stream-1.1.13.tgz",
                  "integrity": "sha1-9u73ZPUUyJ4rniMUanW6EGdW0j4=",
                  "dependencies": {
                    "core-util-is": {
                      "version": "1.0.1",
                      "resolved": "https://registry.npmjs.org/core-util-is/-/core-util-is-1.0.1.tgz",
                      "integrity": "sha1-awcIWu+aPMrG7lO/nT3wwVIaVTg="
                    },
                    "inherits": {
                      "version": "2.0.1",
                      "resolved": "https://registry.npmjs.org/inherits/-/inherits-2.0.1.tgz",
                      "integrity": "sha1-sX0I0ya0Qj5Wjv9xn5GwscvfafE="
                    },
                    "isarray": {
                      "version": "0.0.1",
                      "resolved": "https://registry.npmjs.org/isarray/-/isarray-0.0.1.tgz",
                      "integrity": "sha1-ihis/Kmo9Bd+Cav8YDiTmwXR7t8="
                    },
                    "string_decoder": {
                      "version": "0.10.31",
                      "resolved": "https://registry.npmjs.org/string_decoder/-/string_decoder-0.10.31.tgz",
                      "integrity": "sha1-YuIDvEF2bGwoyfyEMB2rHFMQ+pQ="
                    }
                  }
                }
              }
            },
            "through2": {
              "version": "0.6.3",
              "resolved": "https://registry.npmjs.org/through2/-/through2-0.6.3.tgz",
              "integrity": "sha1-eVKS/enyVMKjaLOPnMXRvUZjr7Y=",
              "dependencies": {
                "readable-stream": {
                  "version": "1.0.33",
                  "resolved": "https://registry.npmjs.org/readable-stream/-/readable-stream-1.0.33.tgz",
                  "integrity": "sha1-OjYN1mwbHX/UcFOJhg7aHQ9hEmw=",
                  "dependencies": {
                    "core-util-is": {
                      "version": "1.0.1",
                      "resolved": "https://registry.npmjs.org/core-util-is/-/core-util-is-1.0.1.tgz",
                      "integrity": "sha1-awcIWu+aPMrG7lO/nT3wwVIaVTg="
                    },
                    "inherits": {
                      "version": "2.0.1",
                      "resolved": "https://registry.npmjs.org/inherits/-/inherits-2.0.1.tgz",
                      "integrity": "sha1-sX0I0ya0Qj5Wjv9xn5GwscvfafE="
                    },
                    "isarray": {
                      "version": "0.0.1",
                      "resolved": "https://registry.npmjs.org/isarray/-/isarray-0.0.1.tgz",
                      "integrity": "sha1-ihis/Kmo9Bd+Cav8YDiTmwXR7t8="
                    },
                    "string_decoder": {
                      "version": "0.10.31",
                      "resolved": "https://registry.npmjs.org/string_decoder/-/string_decoder-0.10.31.tgz",
                      "integrity": "sha1-YuIDvEF2bGwoyfyEMB2rHFMQ+pQ="
                    }
                  }
                },
                "xtend": {
                  "version": "4.0.0",
                  "resolved": "https://registry.npmjs.org/xtend/-/xtend-4.0.0.tgz",
                  "integrity": "sha1-i8Nv+Hrtvnzp6vC8o2sjVKdDhA8="
                }
              }
            }
          }
        },
        "libmime": {
          "version": "0.1.7",
          "resolved": "https://registry.npmjs.org/libmime/-/libmime-0.1.7.tgz",
          "integrity": "sha1-gnuNTfNJ4Ixs/xvG1rUexX00nLI=",
          "dependencies": {
            "iconv-lite": {
              "version": "0.4.7",
              "resolved": "https://registry.npmjs.org/iconv-lite/-/iconv-lite-0.4.7.tgz",
              "integrity": "sha1-idMv7IIb+Fl/RGCbS8Cb7VwgmiM="
            },
            "libbase64": {
              "version": "0.1.0",
              "resolved": "https://registry.npmjs.org/libbase64/-/libbase64-0.1.0.tgz",
              "integrity": "sha1-YjUag5VjrF/1vSbxL2Dpgwu3UeY="
            },
            "libqp": {
              "version": "0.1.1",
              "resolved": "https://registry.npmjs.org/libqp/-/libqp-0.1.1.tgz",
              "integrity": "sha1-LRDKu5axT+lkn0rjU6ObqpAGOwE="
            }
          }
        },
        "nodemailer-direct-transport": {
          "version": "1.0.1",
          "resolved": "https://registry.npmjs.org/nodemailer-direct-transport/-/nodemailer-direct-transport-1.0.1.tgz",
          "integrity": "sha1-cuQfWkGfd0ugf381BtHazRtWTCs=",
          "dependencies": {
            "smtp-connection": {
              "version": "1.1.0",
              "resolved": "https://registry.npmjs.org/smtp-connection/-/smtp-connection-1.1.0.tgz",
              "integrity": "sha1-OGiBdKl7recEBQC/nNXPgx9LQPg="
            }
          }
        },
        "nodemailer-smtp-transport": {
          "version": "1.0.0",
          "resolved": "https://registry.npmjs.org/nodemailer-smtp-transport/-/nodemailer-smtp-transport-1.0.0.tgz",
          "integrity": "sha1-E5nczwZKX+K7S8osnX5OEnwqWKs=",
          "dependencies": {
            "nodemailer-wellknown": {
              "version": "0.1.5",
              "resolved": "https://registry.npmjs.org/nodemailer-wellknown/-/nodemailer-wellknown-0.1.5.tgz",
              "integrity": "sha1-HkZ6L3Ey7DAnO0XxrjAN0Rk90DU="
            },
            "smtp-connection": {
              "version": "1.1.0",
              "resolved": "https://registry.npmjs.org/smtp-connection/-/smtp-connection-1.1.0.tgz",
              "integrity": "sha1-OGiBdKl7recEBQC/nNXPgx9LQPg="
            }
          }
        }
      }
    },
    "on-finished": {
      "version": "2.3.0",
      "resolved": "https://registry.npmjs.org/on-finished/-/on-finished-2.3.0.tgz",
      "integrity": "sha1-IPEzZIGwg811M3mSoWlxqi2QaUc=",
      "requires": {
        "ee-first": "1.1.1"
      }
    },
    "on-headers": {
      "version": "1.0.2",
      "resolved": "https://registry.npmjs.org/on-headers/-/on-headers-1.0.2.tgz",
      "integrity": "sha512-pZAE+FJLoyITytdqK0U5s+FIpjN0JP3OzFi/u8Rx+EV5/W+JTWGXG8xFzevE7AjBfDqHv/8vL8qQsIhHnqRkrA=="
    },
    "parseurl": {
      "version": "1.3.3",
      "resolved": "https://registry.npmjs.org/parseurl/-/parseurl-1.3.3.tgz",
      "integrity": "sha512-CiyeOxFT/JZyN5m0z9PfXw4SCBJ6Sygz1Dpl0wqjlhDEGGBP1GnsUVEL0p63hoG1fcj3fHynXi9NYO4nWOL+qQ=="
    },
    "path-to-regexp": {
      "version": "0.1.7",
      "resolved": "https://registry.npmjs.org/path-to-regexp/-/path-to-regexp-0.1.7.tgz",
      "integrity": "sha512-5DFkuoqlv1uYQKxy8omFBeJPQcdoE07Kv2sferDCrAq1ohOU+MSDswDIbnx3YAM60qIOnYa53wBhXW0EbMonrQ=="
    },
    "proxy-addr": {
      "version": "2.0.7",
      "resolved": "https://registry.npmjs.org/proxy-addr/-/proxy-addr-2.0.7.tgz",
      "integrity": "sha512-llQsMLSUDUPT44jdrU/O37qlnifitDP+ZwrmmZcoSKyLKvtZxpyV0n2/bD/N4tBAAZ/gJEdZU7KMraoK1+XYAg==",
      "requires": {
        "forwarded": "0.2.0",
        "ipaddr.js": "1.9.1"
      }
    },
    "qs": {
      "version": "6.9.7",
      "resolved": "https://registry.npmjs.org/qs/-/qs-6.9.7.tgz",
      "integrity": "sha512-IhMFgUmuNpyRfxA90umL7ByLlgRXu6tIfKPpF5TmcfRLlLCckfP/g3IQmju6jjpu+Hh8rA+2p6A27ZSPOOHdKw=="
    },
    "range-parser": {
      "version": "1.2.1",
      "resolved": "https://registry.npmjs.org/range-parser/-/range-parser-1.2.1.tgz",
      "integrity": "sha512-Hrgsx+orqoygnmhFbKaHE6c296J+HTAQXoxEF6gNupROmmGJRoyzfG3ccAveqCBrwr/2yxQ5BVd/GTl5agOwSg=="
    },
    "raw-body": {
      "version": "2.4.3",
      "resolved": "https://registry.npmjs.org/raw-body/-/raw-body-2.4.3.tgz",
      "integrity": "sha512-UlTNLIcu0uzb4D2f4WltY6cVjLi+/jEN4lgEUj3E04tpMDpUlkBo/eSn6zou9hum2VMNpCCUone0O0WeJim07g==",
      "requires": {
        "bytes": "3.1.2",
        "http-errors": "1.8.1",
        "iconv-lite": "0.4.24",
        "unpipe": "1.0.0"
      }
    },
    "safe-buffer": {
      "version": "5.1.2",
      "resolved": "https://registry.npmjs.org/safe-buffer/-/safe-buffer-5.1.2.tgz",
      "integrity": "sha512-Gd2UZBJDkXlY7GbJxfsE8/nvKkUEU1G38c1siN6QP6a9PT9MmHB8GnpscSmMJSoF8LOIrt8ud/wPtojys4G6+g=="
    },
    "safer-buffer": {
      "version": "2.1.2",
      "resolved": "https://registry.npmjs.org/safer-buffer/-/safer-buffer-2.1.2.tgz",
      "integrity": "sha512-YZo3K82SD7Riyi0E1EQPojLz7kpepnSQI9IyPbHHg1XXXevb5dJI7tpyN2ADxGcQbHG7vcyRHk0cbwqcQriUtg=="
    },
    "send": {
      "version": "0.17.2",
      "resolved": "https://registry.npmjs.org/send/-/send-0.17.2.tgz",
      "integrity": "sha512-UJYB6wFSJE3G00nEivR5rgWp8c2xXvJ3OPWPhmuteU0IKj8nKbG3DrjiOmLwpnHGYWAVwA69zmTm++YG0Hmwww==",
      "requires": {
        "debug": "2.6.9",
        "depd": "~1.1.2",
        "destroy": "~1.0.4",
        "encodeurl": "~1.0.2",
        "escape-html": "~1.0.3",
        "etag": "~1.8.1",
        "fresh": "0.5.2",
        "http-errors": "1.8.1",
        "mime": "1.6.0",
        "ms": "2.1.3",
        "on-finished": "~2.3.0",
        "range-parser": "~1.2.1",
        "statuses": "~1.5.0"
      },
      "dependencies": {
        "ms": {
          "version": "2.1.3",
          "resolved": "https://registry.npmjs.org/ms/-/ms-2.1.3.tgz",
          "integrity": "sha512-6FlzubTLZG3J2a/NVCAleEhjzq5oxgHyaCU9yYXvcLsvoVaHJq/s5xXI6/XXP6tz7R9xAOtHnSO/tXtF3WRTlA=="
        }
      }
    },
    "sendgrid": {
      "version": "3.0.11",
      "resolved": "https://registry.npmjs.org/sendgrid/-/sendgrid-3.0.11.tgz",
      "integrity": "sha1-jYnw72FEVk5semhOYi/u0kDoobQ="
    },
    "serve-static": {
      "version": "1.14.2",
      "resolved": "https://registry.npmjs.org/serve-static/-/serve-static-1.14.2.tgz",
      "integrity": "sha512-+TMNA9AFxUEGuC0z2mevogSnn9MXKb4fa7ngeRMJaaGv8vTwnIEkKi+QGvPt33HSnf8pRS+WGM0EbMtCJLKMBQ==",
      "requires": {
        "encodeurl": "~1.0.2",
        "escape-html": "~1.0.3",
        "parseurl": "~1.3.3",
        "send": "0.17.2"
      }
    },
    "setprototypeof": {
      "version": "1.2.0",
      "resolved": "https://registry.npmjs.org/setprototypeof/-/setprototypeof-1.2.0.tgz",
      "integrity": "sha512-E5LDX7Wrp85Kil5bhZv46j8jOeboKq5JMmYM3gVGdGH8xFpPWXUMsNrlODCrkoxMEeNi/XZIwuRvY4XNwYMJpw=="
    },
    "statuses": {
      "version": "1.5.0",
      "resolved": "https://registry.npmjs.org/statuses/-/statuses-1.5.0.tgz",
      "integrity": "sha512-OpZ3zP+jT1PI7I8nemJX4AKmAX070ZkYPVWV/AaKTJl+tXCTGyVdC1a4SL8RUQYEwk/f34ZX8UTykN68FwrqAA=="
    },
    "toidentifier": {
      "version": "1.0.1",
      "resolved": "https://registry.npmjs.org/toidentifier/-/toidentifier-1.0.1.tgz",
      "integrity": "sha512-o5sSPKEkg/DIQNmH43V0/uerLrpzVedkUh8tGNvaeXpfpuwjKenlSox/2O/BTlZUtEe+JG7s5YhEz608PlAHRA=="
    },
    "type-is": {
      "version": "1.6.18",
      "resolved": "https://registry.npmjs.org/type-is/-/type-is-1.6.18.tgz",
      "integrity": "sha512-TkRKr9sUTxEH8MdfuCSP7VizJyzRNMjj2J2do2Jr3Kym598JVdEksuzPQCnlFPW4ky9Q+iA+ma9BGm06XQBy8g==",
      "requires": {
        "media-typer": "0.3.0",
        "mime-types": "~2.1.24"
      }
    },
    "unpipe": {
      "version": "1.0.0",
      "resolved": "https://registry.npmjs.org/unpipe/-/unpipe-1.0.0.tgz",
      "integrity": "sha512-pjy2bYhSsufwWlKwPc+l3cN7+wuJlK6uz0YdJEOlQDbl6jo/YlPi4mb8agUkVC8BF7V8NuzeyPNqRksA3hztKQ=="
    },
    "utils-merge": {
      "version": "1.0.1",
      "resolved": "https://registry.npmjs.org/utils-merge/-/utils-merge-1.0.1.tgz",
      "integrity": "sha512-pMZTvIkT1d+TFGvDOqodOclx0QWkkgi6Tdoa8gC8ffGAAqz9pzPTZWAybbsHHoED/ztMtkv/VoYTYyShUn81hA=="
    },
    "vary": {
      "version": "1.1.2",
      "resolved": "https://registry.npmjs.org/vary/-/vary-1.1.2.tgz",
      "integrity": "sha512-BNGbWLfd0eUPabhkXUVm0j8uuvREyTh5ovRa/dyow/BqAbZJyC+5fU+IzQOzmAKzYqYRAISoRhdQr3eIZ/PXqg=="
    }
  }
}
